
Microsoft Visual Studio Solution File, Format Version 12.00
# Visual Studio Version 16
VisualStudioVersion = 16.0.29230.61
MinimumVisualStudioVersion = 10.0.40219.1
Project("{FAE04EC0-301F-11D3-BF4B-00C04F79EFBC}") = "Tifax2.Android", "Tifax2\Tifax2.Android\Tifax2.Android.csproj", "{B0DF344C-2328-4E99-AF78-D716561153DD}"
EndProject
Project("{9A19103F-16F7-4668-BE54-9A1E7A4F7556}") = "Tifax2", "Tifax2\Tifax2\Tifax2.csproj", "{93A67504-539B-4764-B4E2-C3BA6B7F4E5A}"
EndProject
Global
	GlobalSection(SolutionConfigurationPlatforms) = preSolution
		Debug|Any CPU = Debug|Any CPU
		Debug|iPhone = Debug|iPhone
		Debug|iPhoneSimulator = Debug|iPhoneSimulator
		Release|Any CPU = Release|Any CPU
		Release|iPhone = Release|iPhone
		Release|iPhoneSimulator = Release|iPhoneSimulator
	EndGlobalSection
	GlobalSection(ProjectConfigurationPlatforms) = postSolution
		{B0DF344C-2328-4E99-AF78-D716561153DD}.Debug|Any CPU.ActiveCfg = Debug|Any CPU
		{B0DF344C-2328-4E99-AF78-D716561153DD}.Debug|Any CPU.Build.0 = Debug|Any CPU
		{B0DF344C-2328-4E99-AF78-D716561153DD}.Debug|Any CPU.Deploy.0 = Debug|Any CPU
		{B0DF344C-2328-4E99-AF78-D716561153DD}.Debug|iPhone.ActiveCfg = Debug|Any CPU
		{B0DF344C-2328-4E99-AF78-D716561153DD}.Debug|iPhone.Build.0 = Debug|Any CPU
		{B0DF344C-2328-4E99-AF78-D716561153DD}.Debug|iPhone.Deploy.0 = Debug|Any CPU
		{B0DF344C-2328-4E99-AF78-D716561153DD}.Debug|iPhoneSimulator.ActiveCfg = Debug|Any CPU
		{B0DF344C-2328-4E99-AF78-D716561153DD}.Debug|iPhoneSimulator.Build.0 = Debug|Any CPU
		{B0DF344C-2328-4E99-AF78-D716561153DD}.Debug|iPhoneSimulator.Deploy.0 = Debug|Any CPU
		{B0DF344C-2328-4E99-AF78-D716561153DD}.Release|Any CPU.ActiveCfg = Release|Any CPU
		{B0DF344C-2328-4E99-AF78-D716561153DD}.Release|Any CPU.Build.0 = Release|Any CPU
		{B0DF344C-2328-4E99-AF78-D716561153DD}.Release|Any CPU.Deploy.0 = Release|Any CPU
		{B0DF344C-2328-4E99-AF78-D716561153DD}.Release|iPhone.ActiveCfg = Release|Any CPU
		{B0DF344C-2328-4E99-AF78-D716561153DD}.Release|iPhone.Build.0 = Release|Any CPU
		{B0DF344C-2328-4E99-AF78-D716561153DD}.Release|iPhone.Deploy.0 = Release|Any CPU
		{B0DF344C-2328-4E99-AF78-D716561153DD}.Release|iPhoneSimulator.ActiveCfg = Release|Any CPU
		{B0DF344C-2328-4E99-AF78-D716561153DD}.Release|iPhoneSimulator.Build.0 = Release|Any CPU
		{B0DF344C-2328-4E99-AF78-D716561153DD}.Release|iPhoneSimulator.Deploy.0 = Release|Any CPU
		{93A67504-539B-4764-B4E2-C3BA6B7F4E5A}.Debug|Any CPU.ActiveCfg = Debug|Any CPU
		{93A67504-539B-4764-B4E2-C3BA6B7F4E5A}.Debug|Any CPU.Build.0 = Debug|Any CPU
		{93A67504-539B-4764-B4E2-C3BA6B7F4E5A}.Debug|Any CPU.Deploy.0 = Debug|Any CPU
		{93A67504-539B-4764-B4E2-C3BA6B7F4E5A}.Debug|iPhone.ActiveCfg = Debug|Any CPU
		{93A67504-539B-4764-B4E2-C3BA6B7F4E5A}.Debug|iPhone.Build.0 = Debug|Any CPU
		{93A67504-539B-4764-B4E2-C3BA6B7F4E5A}.Debug|iPhoneSimulator.ActiveCfg = Debug|Any CPU
		{93A67504-539B-4764-B4E2-C3BA6B7F4E5A}.Debug|iPhoneSimulator.Build.0 = Debug|Any CPU
		{93A67504-539B-4764-B4E2-C3BA6B7F4E5A}.Release|Any CPU.ActiveCfg = Release|Any CPU
		{93A67504-539B-4764-B4E2-C3BA6B7F4E5A}.Release|Any CPU.Build.0 = Release|Any CPU
		{93A67504-539B-4764-B4E2-C3BA6B7F4E5A}.Release|Any CPU.Deploy.0 = Release|Any CPU
		{93A67504-539B-4764-B4E2-C3BA6B7F4E5A}.Release|iPhone.ActiveCfg = Release|Any CPU
		{93A67504-539B-4764-B4E2-C3BA6B7F4E5A}.Release|iPhone.Build.0 = Release|Any CPU
		{93A67504-539B-4764-B4E2-C3BA6B7F4E5A}.Release|iPhoneSimulator.ActiveCfg = Release|Any CPU
		{93A67504-539B-4764-B4E2-C3BA6B7F4E5A}.Release|iPhoneSimulator.Build.0 = Release|Any CPU
	EndGlobalSection
	GlobalSection(SolutionProperties) = preSolution
		HideSolutionNode = FALSE
	EndGlobalSection
	GlobalSection(ExtensibilityGlobals) = postSolution
		SolutionGuid = {C1CC75D4-5925-436D-AF62-2B102C861B81}
	EndGlobalSection
EndGlobal
